// !$*UTF8*$!
{
	archiveVersion = 1;
	classes = {
	};
	objectVersion = 55;
	objects = {

/* Begin PBXBuildFile section */
		403381EB28D4B28900ABBCD2 /* AppDelegate.swift in Sources */ = {isa = PBXBuildFile; fileRef = 403381EA28D4B28900ABBCD2 /* AppDelegate.swift */; };
		403381ED28D4B28900ABBCD2 /* SceneDelegate.swift in Sources */ = {isa = PBXBuildFile; fileRef = 403381EC28D4B28900ABBCD2 /* SceneDelegate.swift */; };
		403381EF28D4B28900ABBCD2 /* CompanyListViewController.swift in Sources */ = {isa = PBXBuildFile; fileRef = 403381EE28D4B28900ABBCD2 /* CompanyListViewController.swift */; };
		403381F228D4B28900ABBCD2 /* Main.storyboard in Resources */ = {isa = PBXBuildFile; fileRef = 403381F028D4B28900ABBCD2 /* Main.storyboard */; };
		403381F428D4B28F00ABBCD2 /* Assets.xcassets in Resources */ = {isa = PBXBuildFile; fileRef = 403381F328D4B28F00ABBCD2 /* Assets.xcassets */; };
		403381F728D4B28F00ABBCD2 /* LaunchScreen.storyboard in Resources */ = {isa = PBXBuildFile; fileRef = 403381F528D4B28F00ABBCD2 /* LaunchScreen.storyboard */; };
		4033820028D4B96700ABBCD2 /* Employee.swift in Sources */ = {isa = PBXBuildFile; fileRef = 403381FF28D4B96700ABBCD2 /* Employee.swift */; };
		4033820328D4BE8600ABBCD2 /* CompaniesService.swift in Sources */ = {isa = PBXBuildFile; fileRef = 4033820228D4BE8600ABBCD2 /* CompaniesService.swift */; };
		4033820628D4C56700ABBCD2 /* EmployeeTableViewCell.swift in Sources */ = {isa = PBXBuildFile; fileRef = 4033820528D4C56700ABBCD2 /* EmployeeTableViewCell.swift */; };
		4035AB7928D5B7F4003276E8 /* CompaniesStorage.swift in Sources */ = {isa = PBXBuildFile; fileRef = 4035AB7828D5B7F4003276E8 /* CompaniesStorage.swift */; };
		4035AB7D28D62041003276E8 /* ApplicationContainer.swift in Sources */ = {isa = PBXBuildFile; fileRef = 4035AB7C28D62041003276E8 /* ApplicationContainer.swift */; };
		4035AB7F28D73571003276E8 /* CompaniesPresenter.swift in Sources */ = {isa = PBXBuildFile; fileRef = 4035AB7E28D73571003276E8 /* CompaniesPresenter.swift */; };
/* End PBXBuildFile section */

/* Begin PBXFileReference section */
		403381E728D4B28900ABBCD2 /* EmployeeList.app */ = {isa = PBXFileReference; explicitFileType = wrapper.application; includeInIndex = 0; path = EmployeeList.app; sourceTree = BUILT_PRODUCTS_DIR; };
		403381EA28D4B28900ABBCD2 /* AppDelegate.swift */ = {isa = PBXFileReference; lastKnownFileType = sourcecode.swift; path = AppDelegate.swift; sourceTree = "<group>"; };
		403381EC28D4B28900ABBCD2 /* SceneDelegate.swift */ = {isa = PBXFileReference; lastKnownFileType = sourcecode.swift; path = SceneDelegate.swift; sourceTree = "<group>"; };
		403381EE28D4B28900ABBCD2 /* CompanyListViewController.swift */ = {isa = PBXFileReference; lastKnownFileType = sourcecode.swift; path = CompanyListViewController.swift; sourceTree = "<group>"; };
		403381F128D4B28900ABBCD2 /* Base */ = {isa = PBXFileReference; lastKnownFileType = file.storyboard; name = Base; path = Base.lproj/Main.storyboard; sourceTree = "<group>"; };
		403381F328D4B28F00ABBCD2 /* Assets.xcassets */ = {isa = PBXFileReference; lastKnownFileType = folder.assetcatalog; path = Assets.xcassets; sourceTree = "<group>"; };
		403381F628D4B28F00ABBCD2 /* Base */ = {isa = PBXFileReference; lastKnownFileType = file.storyboard; name = Base; path = Base.lproj/LaunchScreen.storyboard; sourceTree = "<group>"; };
		403381F828D4B28F00ABBCD2 /* Info.plist */ = {isa = PBXFileReference; lastKnownFileType = text.plist.xml; path = Info.plist; sourceTree = "<group>"; };
		403381FF28D4B96700ABBCD2 /* Employee.swift */ = {isa = PBXFileReference; lastKnownFileType = sourcecode.swift; path = Employee.swift; sourceTree = "<group>"; };
		4033820228D4BE8600ABBCD2 /* CompaniesService.swift */ = {isa = PBXFileReference; lastKnownFileType = sourcecode.swift; path = CompaniesService.swift; sourceTree = "<group>"; };
		4033820528D4C56700ABBCD2 /* EmployeeTableViewCell.swift */ = {isa = PBXFileReference; lastKnownFileType = sourcecode.swift; name = EmployeeTableViewCell.swift; path = EmployeeList/Services/EmployeeTableViewCell.swift; sourceTree = SOURCE_ROOT; };
		4035AB7828D5B7F4003276E8 /* CompaniesStorage.swift */ = {isa = PBXFileReference; lastKnownFileType = sourcecode.swift; path = CompaniesStorage.swift; sourceTree = "<group>"; };
		4035AB7C28D62041003276E8 /* ApplicationContainer.swift */ = {isa = PBXFileReference; lastKnownFileType = sourcecode.swift; path = ApplicationContainer.swift; sourceTree = "<group>"; };
		4035AB7E28D73571003276E8 /* CompaniesPresenter.swift */ = {isa = PBXFileReference; lastKnownFileType = sourcecode.swift; path = CompaniesPresenter.swift; sourceTree = "<group>"; };
/* End PBXFileReference section */

/* Begin PBXFrameworksBuildPhase section */
		403381E428D4B28900ABBCD2 /* Frameworks */ = {
			isa = PBXFrameworksBuildPhase;
			buildActionMask = 2147483647;
			files = (
			);
			runOnlyForDeploymentPostprocessing = 0;
		};
/* End PBXFrameworksBuildPhase section */

/* Begin PBXGroup section */
		403381DE28D4B28900ABBCD2 = {
			isa = PBXGroup;
			children = (
				403381E928D4B28900ABBCD2 /* EmployeeList */,
				403381E828D4B28900ABBCD2 /* Products */,
			);
			sourceTree = "<group>";
		};
		403381E828D4B28900ABBCD2 /* Products */ = {
			isa = PBXGroup;
			children = (
				403381E728D4B28900ABBCD2 /* EmployeeList.app */,
			);
			name = Products;
			sourceTree = "<group>";
		};
		403381E928D4B28900ABBCD2 /* EmployeeList */ = {
			isa = PBXGroup;
			children = (
				4033820428D4C54900ABBCD2 /* Company */,
				4033820128D4B9D900ABBCD2 /* Services */,
				403381FE28D4B94100ABBCD2 /* Models */,
				4095751128D85AAD00BC1F2B /* Application */,
				403381F028D4B28900ABBCD2 /* Main.storyboard */,
				403381F328D4B28F00ABBCD2 /* Assets.xcassets */,
				403381F528D4B28F00ABBCD2 /* LaunchScreen.storyboard */,
				403381F828D4B28F00ABBCD2 /* Info.plist */,
			);
			path = EmployeeList;
			sourceTree = "<group>";
		};
		403381FE28D4B94100ABBCD2 /* Models */ = {
			isa = PBXGroup;
			children = (
				403381FF28D4B96700ABBCD2 /* Employee.swift */,
			);
			path = Models;
			sourceTree = "<group>";
		};
		4033820128D4B9D900ABBCD2 /* Services */ = {
			isa = PBXGroup;
			children = (
				4033820228D4BE8600ABBCD2 /* CompaniesService.swift */,
				4035AB7828D5B7F4003276E8 /* CompaniesStorage.swift */,
			);
			path = Services;
			sourceTree = "<group>";
		};
		4033820428D4C54900ABBCD2 /* Company */ = {
			isa = PBXGroup;
			children = (
				403381EE28D4B28900ABBCD2 /* CompanyListViewController.swift */,
				4035AB7E28D73571003276E8 /* CompaniesPresenter.swift */,
				4033820528D4C56700ABBCD2 /* EmployeeTableViewCell.swift */,
			);
			path = Company;
			sourceTree = "<group>";
		};
		4095751128D85AAD00BC1F2B /* Application */ = {
			isa = PBXGroup;
			children = (
				403381EC28D4B28900ABBCD2 /* SceneDelegate.swift */,
				403381EA28D4B28900ABBCD2 /* AppDelegate.swift */,
				4035AB7C28D62041003276E8 /* ApplicationContainer.swift */,
			);
			path = Application;
			sourceTree = "<group>";
		};
/* End PBXGroup section */

/* Begin PBXNativeTarget section */
		403381E628D4B28900ABBCD2 /* EmployeeList */ = {
			isa = PBXNativeTarget;
			buildConfigurationList = 403381FB28D4B28F00ABBCD2 /* Build configuration list for PBXNativeTarget "EmployeeList" */;
			buildPhases = (
				403381E328D4B28900ABBCD2 /* Sources */,
				403381E428D4B28900ABBCD2 /* Frameworks */,
				403381E528D4B28900ABBCD2 /* Resources */,
			);
			buildRules = (
			);
			dependencies = (
			);
			name = EmployeeList;
			productName = EmployeeList;
			productReference = 403381E728D4B28900ABBCD2 /* EmployeeList.app */;
			productType = "com.apple.product-type.application";
		};
/* End PBXNativeTarget section */

/* Begin PBXProject section */
		403381DF28D4B28900ABBCD2 /* Project object */ = {
			isa = PBXProject;
			attributes = {
				BuildIndependentTargetsInParallel = 1;
				LastSwiftUpdateCheck = 1340;
				LastUpgradeCheck = 1340;
				TargetAttributes = {
					403381E628D4B28900ABBCD2 = {
						CreatedOnToolsVersion = 13.4.1;
					};
				};
			};
			buildConfigurationList = 403381E228D4B28900ABBCD2 /* Build configuration list for PBXProject "EmployeeList" */;
			compatibilityVersion = "Xcode 13.0";
			developmentRegion = en;
			hasScannedForEncodings = 0;
			knownRegions = (
				en,
				Base,
			);
			mainGroup = 403381DE28D4B28900ABBCD2;
			productRefGroup = 403381E828D4B28900ABBCD2 /* Products */;
			projectDirPath = "";
			projectRoot = "";
			targets = (
				403381E628D4B28900ABBCD2 /* EmployeeList */,
			);
		};
/* End PBXProject section */

/* Begin PBXResourcesBuildPhase section */
		403381E528D4B28900ABBCD2 /* Resources */ = {
			isa = PBXResourcesBuildPhase;
			buildActionMask = 2147483647;
			files = (
				403381F728D4B28F00ABBCD2 /* LaunchScreen.storyboard in Resources */,
				403381F428D4B28F00ABBCD2 /* Assets.xcassets in Resources */,
				403381F228D4B28900ABBCD2 /* Main.storyboard in Resources */,
			);
			runOnlyForDeploymentPostprocessing = 0;
		};
/* End PBXResourcesBuildPhase section */

/* Begin PBXSourcesBuildPhase section */
		403381E328D4B28900ABBCD2 /* Sources */ = {
			isa = PBXSourcesBuildPhase;
			buildActionMask = 2147483647;
			files = (
				403381EF28D4B28900ABBCD2 /* CompanyListViewController.swift in Sources */,
				4035AB7928D5B7F4003276E8 /* CompaniesStorage.swift in Sources */,
				4033820028D4B96700ABBCD2 /* Employee.swift in Sources */,
				4033820628D4C56700ABBCD2 /* EmployeeTableViewCell.swift in Sources */,
				4033820328D4BE8600ABBCD2 /* CompaniesService.swift in Sources */,
				4035AB7F28D73571003276E8 /* CompaniesPresenter.swift in Sources */,
				403381EB28D4B28900ABBCD2 /* AppDelegate.swift in Sources */,
				403381ED28D4B28900ABBCD2 /* SceneDelegate.swift in Sources */,
				4035AB7D28D62041003276E8 /* ApplicationContainer.swift in Sources */,
			);
			runOnlyForDeploymentPostprocessing = 0;
		};
/* End PBXSourcesBuildPhase section */

/* Begin PBXVariantGroup section */
		403381F028D4B28900ABBCD2 /* Main.storyboard */ = {
			isa = PBXVariantGroup;
			children = (
				403381F128D4B28900ABBCD2 /* Base */,
			);
			name = Main.storyboard;
			sourceTree = "<group>";
		};
		403381F528D4B28F00ABBCD2 /* LaunchScreen.storyboard */ = {
			isa = PBXVariantGroup;
			children = (
				403381F628D4B28F00ABBCD2 /* Base */,
			);
			name = LaunchScreen.storyboard;
			sourceTree = "<group>";
		};
/* End PBXVariantGroup section */

/* Begin XCBuildConfiguration section */
		403381F928D4B28F00ABBCD2 /* Debug */ = {
			isa = XCBuildConfiguration;
			buildSettings = {
				ALWAYS_SEARCH_USER_PATHS = NO;
				CLANG_ANALYZER_NONNULL = YES;
				CLANG_ANALYZER_NUMBER_OBJECT_CONVERSION = YES_AGGRESSIVE;
				CLANG_CXX_LANGUAGE_STANDARD = "gnu++17";
				CLANG_ENABLE_MODULES = YES;
				CLANG_ENABLE_OBJC_ARC = YES;
				CLANG_ENABLE_OBJC_WEAK = YES;
				CLANG_WARN_BLOCK_CAPTURE_AUTORELEASING = YES;
				CLANG_WARN_BOOL_CONVERSION = YES;
				CLANG_WARN_COMMA = YES;
				CLANG_WARN_CONSTANT_CONVERSION = YES;
				CLANG_WARN_DEPRECATED_OBJC_IMPLEMENTATIONS = YES;
				CLANG_WARN_DIRECT_OBJC_ISA_USAGE = YES_ERROR;
				CLANG_WARN_DOCUMENTATION_COMMENTS = YES;
				CLANG_WARN_EMPTY_BODY = YES;
				CLANG_WARN_ENUM_CONVERSION = YES;
				CLANG_WARN_INFINITE_RECURSION = YES;
				CLANG_WARN_INT_CONVERSION = YES;
				CLANG_WARN_NON_LITERAL_NULL_CONVERSION = YES;
				CLANG_WARN_OBJC_IMPLICIT_RETAIN_SELF = YES;
				CLANG_WARN_OBJC_LITERAL_CONVERSION = YES;
				CLANG_WARN_OBJC_ROOT_CLASS = YES_ERROR;
				CLANG_WARN_QUOTED_INCLUDE_IN_FRAMEWORK_HEADER = YES;
				CLANG_WARN_RANGE_LOOP_ANALYSIS = YES;
				CLANG_WARN_STRICT_PROTOTYPES = YES;
				CLANG_WARN_SUSPICIOUS_MOVE = YES;
				CLANG_WARN_UNGUARDED_AVAILABILITY = YES_AGGRESSIVE;
				CLANG_WARN_UNREACHABLE_CODE = YES;
				CLANG_WARN__DUPLICATE_METHOD_MATCH = YES;
				COPY_PHASE_STRIP = NO;
				DEBUG_INFORMATION_FORMAT = dwarf;
				ENABLE_STRICT_OBJC_MSGSEND = YES;
				ENABLE_TESTABILITY = YES;
				GCC_C_LANGUAGE_STANDARD = gnu11;
				GCC_DYNAMIC_NO_PIC = NO;
				GCC_NO_COMMON_BLOCKS = YES;
				GCC_OPTIMIZATION_LEVEL = 0;
				GCC_PREPROCESSOR_DEFINITIONS = (
					"DEBUG=1",
					"$(inherited)",
				);
				GCC_WARN_64_TO_32_BIT_CONVERSION = YES;
				GCC_WARN_ABOUT_RETURN_TYPE = YES_ERROR;
				GCC_WARN_UNDECLARED_SELECTOR = YES;
				GCC_WARN_UNINITIALIZED_AUTOS = YES_AGGRESSIVE;
				GCC_WARN_UNUSED_FUNCTION = YES;
				GCC_WARN_UNUSED_VARIABLE = YES;
				IPHONEOS_DEPLOYMENT_TARGET = 15.5;
				MTL_ENABLE_DEBUG_INFO = INCLUDE_SOURCE;
				MTL_FAST_MATH = YES;
				ONLY_ACTIVE_ARCH = YES;
				SDKROOT = iphoneos;
				SWIFT_ACTIVE_COMPILATION_CONDITIONS = DEBUG;
				SWIFT_OPTIMIZATION_LEVEL = "-Onone";
			};
			name = Debug;
		};
		403381FA28D4B28F00ABBCD2 /* Release */ = {
			isa = XCBuildConfiguration;
			buildSettings = {
				ALWAYS_SEARCH_USER_PATHS = NO;
				CLANG_ANALYZER_NONNULL = YES;
				CLANG_ANALYZER_NUMBER_OBJECT_CONVERSION = YES_AGGRESSIVE;
				CLANG_CXX_LANGUAGE_STANDARD = "gnu++17";
				CLANG_ENABLE_MODULES = YES;
				CLANG_ENABLE_OBJC_ARC = YES;
				CLANG_ENABLE_OBJC_WEAK = YES;
				CLANG_WARN_BLOCK_CAPTURE_AUTORELEASING = YES;
				CLANG_WARN_BOOL_CONVERSION = YES;
				CLANG_WARN_COMMA = YES;
				CLANG_WARN_CONSTANT_CONVERSION = YES;
				CLANG_WARN_DEPRECATED_OBJC_IMPLEMENTATIONS = YES;
				CLANG_WARN_DIRECT_OBJC_ISA_USAGE = YES_ERROR;
				CLANG_WARN_DOCUMENTATION_COMMENTS = YES;
				CLANG_WARN_EMPTY_BODY = YES;
				CLANG_WARN_ENUM_CONVERSION = YES;
				CLANG_WARN_INFINITE_RECURSION = YES;
				CLANG_WARN_INT_CONVERSION = YES;
				CLANG_WARN_NON_LITERAL_NULL_CONVERSION = YES;
				CLANG_WARN_OBJC_IMPLICIT_RETAIN_SELF = YES;
				CLANG_WARN_OBJC_LITERAL_CONVERSION = YES;
				CLANG_WARN_OBJC_ROOT_CLASS = YES_ERROR;
				CLANG_WARN_QUOTED_INCLUDE_IN_FRAMEWORK_HEADER = YES;
				CLANG_WARN_RANGE_LOOP_ANALYSIS = YES;
				CLANG_WARN_STRICT_PROTOTYPES = YES;
				CLANG_WARN_SUSPICIOUS_MOVE = YES;
				CLANG_WARN_UNGUARDED_AVAILABILITY = YES_AGGRESSIVE;
				CLANG_WARN_UNREACHABLE_CODE = YES;
				CLANG_WARN__DUPLICATE_METHOD_MATCH = YES;
				COPY_PHASE_STRIP = NO;
				DEBUG_INFORMATION_FORMAT = "dwarf-with-dsym";
				ENABLE_NS_ASSERTIONS = NO;
				ENABLE_STRICT_OBJC_MSGSEND = YES;
				GCC_C_LANGUAGE_STANDARD = gnu11;
				GCC_NO_COMMON_BLOCKS = YES;
				GCC_WARN_64_TO_32_BIT_CONVERSION = YES;
				GCC_WARN_ABOUT_RETURN_TYPE = YES_ERROR;
				GCC_WARN_UNDECLARED_SELECTOR = YES;
				GCC_WARN_UNINITIALIZED_AUTOS = YES_AGGRESSIVE;
				GCC_WARN_UNUSED_FUNCTION = YES;
				GCC_WARN_UNUSED_VARIABLE = YES;
				IPHONEOS_DEPLOYMENT_TARGET = 15.5;
				MTL_ENABLE_DEBUG_INFO = NO;
				MTL_FAST_MATH = YES;
				SDKROOT = iphoneos;
				SWIFT_COMPILATION_MODE = wholemodule;
				SWIFT_OPTIMIZATION_LEVEL = "-O";
				VALIDATE_PRODUCT = YES;
			};
			name = Release;
		};
		403381FC28D4B28F00ABBCD2 /* Debug */ = {
			isa = XCBuildConfiguration;
			buildSettings = {
				ASSETCATALOG_COMPILER_APPICON_NAME = AppIcon;
				ASSETCATALOG_COMPILER_GLOBAL_ACCENT_COLOR_NAME = AccentColor;
				CODE_SIGN_STYLE = Automatic;
				CURRENT_PROJECT_VERSION = 1;
				DEVELOPMENT_TEAM = 4R74NDZ36U;
				GENERATE_INFOPLIST_FILE = YES;
				INFOPLIST_FILE = EmployeeList/Info.plist;
				INFOPLIST_KEY_UIApplicationSupportsIndirectInputEvents = YES;
				INFOPLIST_KEY_UILaunchStoryboardName = LaunchScreen;
				INFOPLIST_KEY_UIMainStoryboardFile = Main;
				INFOPLIST_KEY_UISupportedInterfaceOrientations_iPad = "UIInterfaceOrientationPortrait UIInterfaceOrientationPortraitUpsideDown UIInterfaceOrientationLandscapeLeft UIInterfaceOrientationLandscapeRight";
				INFOPLIST_KEY_UISupportedInterfaceOrientations_iPhone = "UIInterfaceOrientationPortrait UIInterfaceOrientationLandscapeLeft UIInterfaceOrientationLandscapeRight";
				IPHONEOS_DEPLOYMENT_TARGET = 13.0;
				LD_RUNPATH_SEARCH_PATHS = (
					"$(inherited)",
					"@executable_path/Frameworks",
				);
				MARKETING_VERSION = 1.0;
				PRODUCT_BUNDLE_IDENTIFIER = com.ggg.gggfsdfsdf.EmployeeList;
				PRODUCT_NAME = "$(TARGET_NAME)";
				SWIFT_EMIT_LOC_STRINGS = YES;
				SWIFT_VERSION = 5.0;
				TARGETED_DEVICE_FAMILY = "1,2";
			};
			name = Debug;
		};
		403381FD28D4B28F00ABBCD2 /* Release */ = {
			isa = XCBuildConfiguration;
			buildSettings = {
				ASSETCATALOG_COMPILER_APPICON_NAME = AppIcon;
				ASSETCATALOG_COMPILER_GLOBAL_ACCENT_COLOR_NAME = AccentColor;
				CODE_SIGN_STYLE = Automatic;
				CURRENT_PROJECT_VERSION = 1;
				DEVELOPMENT_TEAM = 4R74NDZ36U;
				GENERATE_INFOPLIST_FILE = YES;
				INFOPLIST_FILE = EmployeeList/Info.plist;
				INFOPLIST_KEY_UIApplicationSupportsIndirectInputEvents = YES;
				INFOPLIST_KEY_UILaunchStoryboardName = LaunchScreen;
				INFOPLIST_KEY_UIMainStoryboardFile = Main;
				INFOPLIST_KEY_UISupportedInterfaceOrientations_iPad = "UIInterfaceOrientationPortrait UIInterfaceOrientationPortraitUpsideDown UIInterfaceOrientationLandscapeLeft UIInterfaceOrientationLandscapeRight";
				INFOPLIST_KEY_UISupportedInterfaceOrientations_iPhone = "UIInterfaceOrientationPortrait UIInterfaceOrientationLandscapeLeft UIInterfaceOrientationLandscapeRight";
				IPHONEOS_DEPLOYMENT_TARGET = 13.0;
				LD_RUNPATH_SEARCH_PATHS = (
					"$(inherited)",
					"@executable_path/Frameworks",
				);
				MARKETING_VERSION = 1.0;
				PRODUCT_BUNDLE_IDENTIFIER = com.ggg.gggfsdfsdf.EmployeeList;
				PRODUCT_NAME = "$(TARGET_NAME)";
				SWIFT_EMIT_LOC_STRINGS = YES;
				SWIFT_VERSION = 5.0;
				TARGETED_DEVICE_FAMILY = "1,2";
			};
			name = Release;
		};
/* End XCBuildConfiguration section */

/* Begin XCConfigurationList section */
		403381E228D4B28900ABBCD2 /* Build configuration list for PBXProject "EmployeeList" */ = {
			isa = XCConfigurationList;
			buildConfigurations = (
				403381F928D4B28F00ABBCD2 /* Debug */,
				403381FA28D4B28F00ABBCD2 /* Release */,
			);
			defaultConfigurationIsVisible = 0;
			defaultConfigurationName = Release;
		};
		403381FB28D4B28F00ABBCD2 /* Build configuration list for PBXNativeTarget "EmployeeList" */ = {
			isa = XCConfigurationList;
			buildConfigurations = (
				403381FC28D4B28F00ABBCD2 /* Debug */,
				403381FD28D4B28F00ABBCD2 /* Release */,
			);
			defaultConfigurationIsVisible = 0;
			defaultConfigurationName = Release;
		};
/* End XCConfigurationList section */
	};
	rootObject = 403381DF28D4B28900ABBCD2 /* Project object */;
}
